
Microsoft Visual Studio Solution File, Format Version 12.00
# Visual Studio 2013
VisualStudioVersion = 12.0.21005.1
MinimumVisualStudioVersion = 10.0.40219.1
Project("{FAE04EC0-301F-11D3-BF4B-00C04F79EFBC}") = "QLSach", "QLSach\QLSach.csproj", "{94C0A006-0D58-4EEF-BB9C-3A47D298E5BD}"
EndProject
Project("{FAE04EC0-301F-11D3-BF4B-00C04F79EFBC}") = "BUS", "BUS\BUS.csproj", "{C7CCE933-DA47-4435-827C-3ACD13D7441C}"
EndProject
Project("{FAE04EC0-301F-11D3-BF4B-00C04F79EFBC}") = "DAL", "DAL\DAL.csproj", "{B3E4F4AF-0F4D-4D5A-AD0F-7B80C729743E}"
EndProject
Global
	GlobalSection(SolutionConfigurationPlatforms) = preSolution
		Debug|Any CPU = Debug|Any CPU
		Release|Any CPU = Release|Any CPU
	EndGlobalSection
	GlobalSection(ProjectConfigurationPlatforms) = postSolution
		{94C0A006-0D58-4EEF-BB9C-3A47D298E5BD}.Debug|Any CPU.ActiveCfg = Debug|Any CPU
		{94C0A006-0D58-4EEF-BB9C-3A47D298E5BD}.Debug|Any CPU.Build.0 = Debug|Any CPU
		{94C0A006-0D58-4EEF-BB9C-3A47D298E5BD}.Release|Any CPU.ActiveCfg = Release|Any CPU
		{94C0A006-0D58-4EEF-BB9C-3A47D298E5BD}.Release|Any CPU.Build.0 = Release|Any CPU
		{C7CCE933-DA47-4435-827C-3ACD13D7441C}.Debug|Any CPU.ActiveCfg = Debug|Any CPU
		{C7CCE933-DA47-4435-827C-3ACD13D7441C}.Debug|Any CPU.Build.0 = Debug|Any CPU
		{C7CCE933-DA47-4435-827C-3ACD13D7441C}.Release|Any CPU.ActiveCfg = Release|Any CPU
		{C7CCE933-DA47-4435-827C-3ACD13D7441C}.Release|Any CPU.Build.0 = Release|Any CPU
		{B3E4F4AF-0F4D-4D5A-AD0F-7B80C729743E}.Debug|Any CPU.ActiveCfg = Debug|Any CPU
		{B3E4F4AF-0F4D-4D5A-AD0F-7B80C729743E}.Debug|Any CPU.Build.0 = Debug|Any CPU
		{B3E4F4AF-0F4D-4D5A-AD0F-7B80C729743E}.Release|Any CPU.ActiveCfg = Release|Any CPU
		{B3E4F4AF-0F4D-4D5A-AD0F-7B80C729743E}.Release|Any CPU.Build.0 = Release|Any CPU
	EndGlobalSection
	GlobalSection(SolutionProperties) = preSolution
		HideSolutionNode = FALSE
	EndGlobalSection
EndGlobal
